
Microsoft Visual Studio Solution File, Format Version 12.00
# Visual Studio Version 17
VisualStudioVersion = 17.0.31903.59
MinimumVisualStudioVersion = 10.0.40219.1
Project("{FAE04EC0-301F-11D3-BF4B-00C04F79EFBC}") = "OMDBAPI", "OMDBAPI\OMDBAPI.csproj", "{021724AA-E67C-4A5B-83BB-5D05B7B999B6}"
EndProject
Global
	GlobalSection(SolutionConfigurationPlatforms) = preSolution
		Debug|Any CPU = Debug|Any CPU
		Release|Any CPU = Release|Any CPU
	EndGlobalSection
	GlobalSection(ProjectConfigurationPlatforms) = postSolution
		{021724AA-E67C-4A5B-83BB-5D05B7B999B6}.Debug|Any CPU.ActiveCfg = Debug|Any CPU
		{021724AA-E67C-4A5B-83BB-5D05B7B999B6}.Debug|Any CPU.Build.0 = Debug|Any CPU
		{021724AA-E67C-4A5B-83BB-5D05B7B999B6}.Release|Any CPU.ActiveCfg = Release|Any CPU
		{021724AA-E67C-4A5B-83BB-5D05B7B999B6}.Release|Any CPU.Build.0 = Release|Any CPU
	EndGlobalSection
	GlobalSection(SolutionProperties) = preSolution
		HideSolutionNode = FALSE
	EndGlobalSection
	GlobalSection(ExtensibilityGlobals) = postSolution
		SolutionGuid = {A193408F-9DFB-474C-A43A-3E762DF47A0F}
	EndGlobalSection
EndGlobal
